
Microsoft Visual Studio Solution File, Format Version 12.00
# Visual Studio Version 16
VisualStudioVersion = 16.0.30907.101
MinimumVisualStudioVersion = 10.0.40219.1
Project("{9A19103F-16F7-4668-BE54-9A1E7A4F7556}") = "LeagueBulkConvert.WPF", "LeagueBulkConvert.WPF\LeagueBulkConvert.WPF.csproj", "{4536C2AC-B4AA-4437-8A23-BE284A325942}"
EndProject
Project("{9A19103F-16F7-4668-BE54-9A1E7A4F7556}") = "LeagueBulkConvert", "LeagueBulkConvert\LeagueBulkConvert.csproj", "{1908C4CE-FCCB-40EA-A45F-902B0A92702E}"
EndProject
Project("{FAE04EC0-301F-11D3-BF4B-00C04F79EFBC}") = "LeagueToolkit", "LeagueToolkit\LeagueToolkit.csproj", "{0EC74D45-FAE9-49DD-8C9A-141783520BAF}"
EndProject
Global
	GlobalSection(SolutionConfigurationPlatforms) = preSolution
		Debug|x64 = Debug|x64
		Release|x64 = Release|x64
	EndGlobalSection
	GlobalSection(ProjectConfigurationPlatforms) = postSolution
		{4536C2AC-B4AA-4437-8A23-BE284A325942}.Debug|x64.ActiveCfg = Debug|x64
		{4536C2AC-B4AA-4437-8A23-BE284A325942}.Debug|x64.Build.0 = Debug|x64
		{4536C2AC-B4AA-4437-8A23-BE284A325942}.Release|x64.ActiveCfg = Release|x64
		{4536C2AC-B4AA-4437-8A23-BE284A325942}.Release|x64.Build.0 = Release|x64
		{1908C4CE-FCCB-40EA-A45F-902B0A92702E}.Debug|x64.ActiveCfg = Debug|x64
		{1908C4CE-FCCB-40EA-A45F-902B0A92702E}.Debug|x64.Build.0 = Debug|x64
		{1908C4CE-FCCB-40EA-A45F-902B0A92702E}.Release|x64.ActiveCfg = Release|x64
		{1908C4CE-FCCB-40EA-A45F-902B0A92702E}.Release|x64.Build.0 = Release|x64
		{0EC74D45-FAE9-49DD-8C9A-141783520BAF}.Debug|x64.ActiveCfg = Debug|x64
		{0EC74D45-FAE9-49DD-8C9A-141783520BAF}.Debug|x64.Build.0 = Debug|x64
		{0EC74D45-FAE9-49DD-8C9A-141783520BAF}.Release|x64.ActiveCfg = Release|x64
		{0EC74D45-FAE9-49DD-8C9A-141783520BAF}.Release|x64.Build.0 = Release|x64
	EndGlobalSection
	GlobalSection(SolutionProperties) = preSolution
		HideSolutionNode = FALSE
	EndGlobalSection
	GlobalSection(ExtensibilityGlobals) = postSolution
		SolutionGuid = {A8CD6EE1-2D91-47DD-B1D4-3EDB52D1B73F}
	EndGlobalSection
EndGlobal
